
Microsoft Visual Studio Solution File, Format Version 12.00
# Visual Studio Version 16
VisualStudioVersion = 16.0.30709.132
MinimumVisualStudioVersion = 10.0.40219.1
Project("{2150E333-8FDC-42A3-9474-1A3956D46DE8}") = "Config", "Config", "{94E10390-7A18-4539-B9B2-0CEEB603689E}"
	ProjectSection(SolutionItems) = preProject
		.gitignore = .gitignore
		.travis.yml = .travis.yml
		LICENSE = LICENSE
		README.md = README.md
	EndProjectSection
EndProject
Project("{9A19103F-16F7-4668-BE54-9A1E7A4F7556}") = "CurrencyChecker", "CurrencyChecker\CurrencyChecker.csproj", "{953EADE0-8068-4801-952E-CA0C7F513416}"
EndProject
Project("{9A19103F-16F7-4668-BE54-9A1E7A4F7556}") = "ExchangeRateSelector", "ExchangeRateSelector\ExchangeRateSelector.csproj", "{C003F7F0-DF0C-4B3D-9FF5-FCC931436F1B}"
EndProject
Project("{9A19103F-16F7-4668-BE54-9A1E7A4F7556}") = "SharedModels", "SharedModels\SharedModels.csproj", "{B5DB0F79-F38A-40E2-A8AF-9C5D06CF6254}"
EndProject
Project("{2150E333-8FDC-42A3-9474-1A3956D46DE8}") = "DB", "DB", "{6F4675AC-C439-4F90-875C-F1AECE509DC5}"
	ProjectSection(SolutionItems) = preProject
		DB\CreateTableExchangeRate.sql = DB\CreateTableExchangeRate.sql
		DB\SelectExchangeRateValue.sql = DB\SelectExchangeRateValue.sql
	EndProjectSection
EndProject
Project("{FAE04EC0-301F-11D3-BF4B-00C04F79EFBC}") = "CurrencyChecker.Test", "CurrencyChecker.Test\CurrencyChecker.Test.csproj", "{4A2D8DA6-5008-4601-986D-2884B383CE7A}"
EndProject
Global
	GlobalSection(SolutionConfigurationPlatforms) = preSolution
		Debug|Any CPU = Debug|Any CPU
		Release|Any CPU = Release|Any CPU
	EndGlobalSection
	GlobalSection(ProjectConfigurationPlatforms) = postSolution
		{953EADE0-8068-4801-952E-CA0C7F513416}.Debug|Any CPU.ActiveCfg = Debug|Any CPU
		{953EADE0-8068-4801-952E-CA0C7F513416}.Debug|Any CPU.Build.0 = Debug|Any CPU
		{953EADE0-8068-4801-952E-CA0C7F513416}.Release|Any CPU.ActiveCfg = Release|Any CPU
		{953EADE0-8068-4801-952E-CA0C7F513416}.Release|Any CPU.Build.0 = Release|Any CPU
		{C003F7F0-DF0C-4B3D-9FF5-FCC931436F1B}.Debug|Any CPU.ActiveCfg = Debug|Any CPU
		{C003F7F0-DF0C-4B3D-9FF5-FCC931436F1B}.Debug|Any CPU.Build.0 = Debug|Any CPU
		{C003F7F0-DF0C-4B3D-9FF5-FCC931436F1B}.Release|Any CPU.ActiveCfg = Release|Any CPU
		{C003F7F0-DF0C-4B3D-9FF5-FCC931436F1B}.Release|Any CPU.Build.0 = Release|Any CPU
		{B5DB0F79-F38A-40E2-A8AF-9C5D06CF6254}.Debug|Any CPU.ActiveCfg = Debug|Any CPU
		{B5DB0F79-F38A-40E2-A8AF-9C5D06CF6254}.Debug|Any CPU.Build.0 = Debug|Any CPU
		{B5DB0F79-F38A-40E2-A8AF-9C5D06CF6254}.Release|Any CPU.ActiveCfg = Release|Any CPU
		{B5DB0F79-F38A-40E2-A8AF-9C5D06CF6254}.Release|Any CPU.Build.0 = Release|Any CPU
		{4A2D8DA6-5008-4601-986D-2884B383CE7A}.Debug|Any CPU.ActiveCfg = Debug|Any CPU
		{4A2D8DA6-5008-4601-986D-2884B383CE7A}.Debug|Any CPU.Build.0 = Debug|Any CPU
		{4A2D8DA6-5008-4601-986D-2884B383CE7A}.Release|Any CPU.ActiveCfg = Release|Any CPU
		{4A2D8DA6-5008-4601-986D-2884B383CE7A}.Release|Any CPU.Build.0 = Release|Any CPU
	EndGlobalSection
	GlobalSection(SolutionProperties) = preSolution
		HideSolutionNode = FALSE
	EndGlobalSection
	GlobalSection(ExtensibilityGlobals) = postSolution
		SolutionGuid = {A4F14EDC-0893-435A-8CCA-E588814B37D2}
	EndGlobalSection
EndGlobal
